
Microsoft Visual Studio Solution File, Format Version 12.00
# Visual Studio Version 17
VisualStudioVersion = 17.11.35303.130
MinimumVisualStudioVersion = 10.0.40219.1
Project("{9A19103F-16F7-4668-BE54-9A1E7A4F7556}") = "InventorySerivce", "InventorySerivce\InventorySerivce.csproj", "{E18D0395-BC48-4E8F-936C-91620BDBC432}"
EndProject
Project("{E53339B2-1760-4266-BCC7-CA923CBCF16C}") = "docker-compose", "docker-compose.dcproj", "{B7C8DB5F-D900-4146-A8E6-9923A29638E5}"
EndProject
Global
	GlobalSection(SolutionConfigurationPlatforms) = preSolution
		Debug|Any CPU = Debug|Any CPU
		Release|Any CPU = Release|Any CPU
	EndGlobalSection
	GlobalSection(ProjectConfigurationPlatforms) = postSolution
		{E18D0395-BC48-4E8F-936C-91620BDBC432}.Debug|Any CPU.ActiveCfg = Debug|Any CPU
		{E18D0395-BC48-4E8F-936C-91620BDBC432}.Debug|Any CPU.Build.0 = Debug|Any CPU
		{E18D0395-BC48-4E8F-936C-91620BDBC432}.Release|Any CPU.ActiveCfg = Release|Any CPU
		{E18D0395-BC48-4E8F-936C-91620BDBC432}.Release|Any CPU.Build.0 = Release|Any CPU
		{B7C8DB5F-D900-4146-A8E6-9923A29638E5}.Debug|Any CPU.ActiveCfg = Debug|Any CPU
		{B7C8DB5F-D900-4146-A8E6-9923A29638E5}.Debug|Any CPU.Build.0 = Debug|Any CPU
		{B7C8DB5F-D900-4146-A8E6-9923A29638E5}.Release|Any CPU.ActiveCfg = Release|Any CPU
		{B7C8DB5F-D900-4146-A8E6-9923A29638E5}.Release|Any CPU.Build.0 = Release|Any CPU
	EndGlobalSection
	GlobalSection(SolutionProperties) = preSolution
		HideSolutionNode = FALSE
	EndGlobalSection
	GlobalSection(ExtensibilityGlobals) = postSolution
		SolutionGuid = {D185341B-EC6C-41AB-B6C4-9C6BCF56ACC3}
	EndGlobalSection
EndGlobal
